// !$*UTF8*$!
{
	archiveVersion = 1;
	classes = {
	};
	objectVersion = 50;
	objects = {

/* Begin PBXBuildFile section */
		C9513B152497E5D800786B6B /* Extensions.swift in Sources */ = {isa = PBXBuildFile; fileRef = C9513B142497E5D800786B6B /* Extensions.swift */; };
		C97F95A6245B31C900932DDE /* TreeMarkerView.swift in Sources */ = {isa = PBXBuildFile; fileRef = C97F95A5245B31C900932DDE /* TreeMarkerView.swift */; };
		C98524992445B8440047BF66 /* AppDelegate.swift in Sources */ = {isa = PBXBuildFile; fileRef = C98524982445B8440047BF66 /* AppDelegate.swift */; };
		C985249B2445B8440047BF66 /* SceneDelegate.swift in Sources */ = {isa = PBXBuildFile; fileRef = C985249A2445B8440047BF66 /* SceneDelegate.swift */; };
		C985249D2445B8440047BF66 /* ViewController.swift in Sources */ = {isa = PBXBuildFile; fileRef = C985249C2445B8440047BF66 /* ViewController.swift */; };
		C98524A02445B8440047BF66 /* Main.storyboard in Resources */ = {isa = PBXBuildFile; fileRef = C985249E2445B8440047BF66 /* Main.storyboard */; };
		C98524A22445B8450047BF66 /* Assets.xcassets in Resources */ = {isa = PBXBuildFile; fileRef = C98524A12445B8450047BF66 /* Assets.xcassets */; };
		C98524A52445B8450047BF66 /* LaunchScreen.storyboard in Resources */ = {isa = PBXBuildFile; fileRef = C98524A32445B8450047BF66 /* LaunchScreen.storyboard */; };
		C98524AF2445CC450047BF66 /* Trees.swift in Sources */ = {isa = PBXBuildFile; fileRef = C98524AE2445CC450047BF66 /* Trees.swift */; };
		C98AA28624913618003AAFF2 /* InfoPanelController.swift in Sources */ = {isa = PBXBuildFile; fileRef = C98AA28424913618003AAFF2 /* InfoPanelController.swift */; };
		C98AA28724913618003AAFF2 /* InfoPanelController.xib in Resources */ = {isa = PBXBuildFile; fileRef = C98AA28524913618003AAFF2 /* InfoPanelController.xib */; };
		C98FFF092463285800C9B6F7 /* ClusterView.swift in Sources */ = {isa = PBXBuildFile; fileRef = C98FFF082463285800C9B6F7 /* ClusterView.swift */; };
		C999783924A6466700131C15 /* info_icon2x.png in Resources */ = {isa = PBXBuildFile; fileRef = C999783624A6466600131C15 /* info_icon2x.png */; };
		C999783A24A6466700131C15 /* location_icon2x.png in Resources */ = {isa = PBXBuildFile; fileRef = C999783724A6466600131C15 /* location_icon2x.png */; };
		C999783B24A6466700131C15 /* close_icon2x.png in Resources */ = {isa = PBXBuildFile; fileRef = C999783824A6466600131C15 /* close_icon2x.png */; };
		C999783D24A6469800131C15 /* londontrees_load_image3x.png in Resources */ = {isa = PBXBuildFile; fileRef = C999783C24A6469800131C15 /* londontrees_load_image3x.png */; };
		C999785724A649FC00131C15 /* Birch.jpg in Resources */ = {isa = PBXBuildFile; fileRef = C999783F24A649FB00131C15 /* Birch.jpg */; };
		C999785824A649FC00131C15 /* Pine.jpg in Resources */ = {isa = PBXBuildFile; fileRef = C999784024A649FB00131C15 /* Pine.jpg */; };
		C999785924A649FC00131C15 /* Plane.jpg in Resources */ = {isa = PBXBuildFile; fileRef = C999784124A649FB00131C15 /* Plane.jpg */; };
		C999785A24A649FC00131C15 /* Maple.jpg in Resources */ = {isa = PBXBuildFile; fileRef = C999784224A649FB00131C15 /* Maple.jpg */; };
		C999785B24A649FC00131C15 /* Willow.jpg in Resources */ = {isa = PBXBuildFile; fileRef = C999784324A649FB00131C15 /* Willow.jpg */; };
		C999785C24A649FC00131C15 /* Apple.jpg in Resources */ = {isa = PBXBuildFile; fileRef = C999784424A649FB00131C15 /* Apple.jpg */; };
		C999785D24A649FC00131C15 /* Hornbeam.jpg in Resources */ = {isa = PBXBuildFile; fileRef = C999784524A649FB00131C15 /* Hornbeam.jpg */; };
		C999785E24A649FC00131C15 /* Unknown.jpg in Resources */ = {isa = PBXBuildFile; fileRef = C999784624A649FB00131C15 /* Unknown.jpg */; };
		C999785F24A649FC00131C15 /* Other.jpg in Resources */ = {isa = PBXBuildFile; fileRef = C999784724A649FB00131C15 /* Other.jpg */; };
		C999786024A649FC00131C15 /* Poplar.jpg in Resources */ = {isa = PBXBuildFile; fileRef = C999784824A649FB00131C15 /* Poplar.jpg */; };
		C999786124A649FC00131C15 /* Beech.jpg in Resources */ = {isa = PBXBuildFile; fileRef = C999784924A649FB00131C15 /* Beech.jpg */; };
		C999786224A649FC00131C15 /* Lime.jpg in Resources */ = {isa = PBXBuildFile; fileRef = C999784A24A649FB00131C15 /* Lime.jpg */; };
		C999786324A649FC00131C15 /* Whitebeam.jpg in Resources */ = {isa = PBXBuildFile; fileRef = C999784B24A649FB00131C15 /* Whitebeam.jpg */; };
		C999786424A649FC00131C15 /* Chesnut.jpg in Resources */ = {isa = PBXBuildFile; fileRef = C999784C24A649FB00131C15 /* Chesnut.jpg */; };
		C999786524A649FC00131C15 /* Elm.jpg in Resources */ = {isa = PBXBuildFile; fileRef = C999784D24A649FB00131C15 /* Elm.jpg */; };
		C999786624A649FC00131C15 /* Cherry.jpg in Resources */ = {isa = PBXBuildFile; fileRef = C999784E24A649FB00131C15 /* Cherry.jpg */; };
		C999786724A649FC00131C15 /* Hawthorn.jpg in Resources */ = {isa = PBXBuildFile; fileRef = C999784F24A649FB00131C15 /* Hawthorn.jpg */; };
		C999786824A649FC00131C15 /* Oak.jpg in Resources */ = {isa = PBXBuildFile; fileRef = C999785024A649FB00131C15 /* Oak.jpg */; };
		C999786924A649FC00131C15 /* Cypress.jpg in Resources */ = {isa = PBXBuildFile; fileRef = C999785124A649FC00131C15 /* Cypress.jpg */; };
		C999786A24A649FC00131C15 /* Ash.jpg in Resources */ = {isa = PBXBuildFile; fileRef = C999785224A649FC00131C15 /* Ash.jpg */; };
		C999786B24A649FC00131C15 /* Alder.jpg in Resources */ = {isa = PBXBuildFile; fileRef = C999785324A649FC00131C15 /* Alder.jpg */; };
		C999786C24A649FC00131C15 /* Black Locust.jpg in Resources */ = {isa = PBXBuildFile; fileRef = C999785424A649FC00131C15 /* Black Locust.jpg */; };
		C999786D24A649FC00131C15 /* Hazelnut.jpg in Resources */ = {isa = PBXBuildFile; fileRef = C999785524A649FC00131C15 /* Hazelnut.jpg */; };
		C999786E24A649FC00131C15 /* Pear.jpg in Resources */ = {isa = PBXBuildFile; fileRef = C999785624A649FC00131C15 /* Pear.jpg */; };
		C9B6B8F925DEE74200D125FF /* Constants.swift in Sources */ = {isa = PBXBuildFile; fileRef = C9B6B8F825DEE74200D125FF /* Constants.swift */; };
		C9B6B8FD25DEE74F00D125FF /* Extensions.swift in Sources */ = {isa = PBXBuildFile; fileRef = C9B6B8FC25DEE74F00D125FF /* Extensions.swift */; };
		C9B6B90025DEE75900D125FF /* Strings.swift in Sources */ = {isa = PBXBuildFile; fileRef = C9B6B8FF25DEE75900D125FF /* Strings.swift */; };
		C9FC53CC24ACF7BA008DA0C0 /* londonTrees_Final.geojson in Resources */ = {isa = PBXBuildFile; fileRef = C9FC53CB24ACF7BA008DA0C0 /* londonTrees_Final.geojson */; };
/* End PBXBuildFile section */

/* Begin PBXFileReference section */
		C9513B142497E5D800786B6B /* Extensions.swift */ = {isa = PBXFileReference; lastKnownFileType = sourcecode.swift; path = Extensions.swift; sourceTree = "<group>"; };
		C97F95A5245B31C900932DDE /* TreeMarkerView.swift */ = {isa = PBXFileReference; lastKnownFileType = sourcecode.swift; path = TreeMarkerView.swift; sourceTree = "<group>"; };
		C98524952445B8440047BF66 /* London Trees.app */ = {isa = PBXFileReference; explicitFileType = wrapper.application; includeInIndex = 0; path = "London Trees.app"; sourceTree = BUILT_PRODUCTS_DIR; };
		C98524982445B8440047BF66 /* AppDelegate.swift */ = {isa = PBXFileReference; lastKnownFileType = sourcecode.swift; path = AppDelegate.swift; sourceTree = "<group>"; };
		C985249A2445B8440047BF66 /* SceneDelegate.swift */ = {isa = PBXFileReference; lastKnownFileType = sourcecode.swift; path = SceneDelegate.swift; sourceTree = "<group>"; };
		C985249C2445B8440047BF66 /* ViewController.swift */ = {isa = PBXFileReference; lastKnownFileType = sourcecode.swift; path = ViewController.swift; sourceTree = "<group>"; };
		C985249F2445B8440047BF66 /* Base */ = {isa = PBXFileReference; lastKnownFileType = file.storyboard; name = Base; path = Base.lproj/Main.storyboard; sourceTree = "<group>"; };
		C98524A12445B8450047BF66 /* Assets.xcassets */ = {isa = PBXFileReference; lastKnownFileType = folder.assetcatalog; path = Assets.xcassets; sourceTree = "<group>"; };
		C98524A42445B8450047BF66 /* Base */ = {isa = PBXFileReference; lastKnownFileType = file.storyboard; name = Base; path = Base.lproj/LaunchScreen.storyboard; sourceTree = "<group>"; };
		C98524A62445B8450047BF66 /* Info.plist */ = {isa = PBXFileReference; lastKnownFileType = text.plist.xml; path = Info.plist; sourceTree = "<group>"; };
		C98524AE2445CC450047BF66 /* Trees.swift */ = {isa = PBXFileReference; lastKnownFileType = sourcecode.swift; path = Trees.swift; sourceTree = "<group>"; };
		C98AA28424913618003AAFF2 /* InfoPanelController.swift */ = {isa = PBXFileReference; lastKnownFileType = sourcecode.swift; path = InfoPanelController.swift; sourceTree = "<group>"; };
		C98AA28524913618003AAFF2 /* InfoPanelController.xib */ = {isa = PBXFileReference; lastKnownFileType = file.xib; path = InfoPanelController.xib; sourceTree = "<group>"; };
		C98FFF082463285800C9B6F7 /* ClusterView.swift */ = {isa = PBXFileReference; lastKnownFileType = sourcecode.swift; path = ClusterView.swift; sourceTree = "<group>"; };
		C999783624A6466600131C15 /* info_icon2x.png */ = {isa = PBXFileReference; lastKnownFileType = image.png; path = info_icon2x.png; sourceTree = "<group>"; };
		C999783724A6466600131C15 /* location_icon2x.png */ = {isa = PBXFileReference; lastKnownFileType = image.png; path = location_icon2x.png; sourceTree = "<group>"; };
		C999783824A6466600131C15 /* close_icon2x.png */ = {isa = PBXFileReference; lastKnownFileType = image.png; path = close_icon2x.png; sourceTree = "<group>"; };
		C999783C24A6469800131C15 /* londontrees_load_image3x.png */ = {isa = PBXFileReference; lastKnownFileType = image.png; path = londontrees_load_image3x.png; sourceTree = "<group>"; };
		C999783F24A649FB00131C15 /* Birch.jpg */ = {isa = PBXFileReference; lastKnownFileType = image.jpeg; path = Birch.jpg; sourceTree = "<group>"; };
		C999784024A649FB00131C15 /* Pine.jpg */ = {isa = PBXFileReference; lastKnownFileType = image.jpeg; path = Pine.jpg; sourceTree = "<group>"; };
		C999784124A649FB00131C15 /* Plane.jpg */ = {isa = PBXFileReference; lastKnownFileType = image.jpeg; path = Plane.jpg; sourceTree = "<group>"; };
		C999784224A649FB00131C15 /* Maple.jpg */ = {isa = PBXFileReference; lastKnownFileType = image.jpeg; path = Maple.jpg; sourceTree = "<group>"; };
		C999784324A649FB00131C15 /* Willow.jpg */ = {isa = PBXFileReference; lastKnownFileType = image.jpeg; path = Willow.jpg; sourceTree = "<group>"; };
		C999784424A649FB00131C15 /* Apple.jpg */ = {isa = PBXFileReference; lastKnownFileType = image.jpeg; path = Apple.jpg; sourceTree = "<group>"; };
		C999784524A649FB00131C15 /* Hornbeam.jpg */ = {isa = PBXFileReference; lastKnownFileType = image.jpeg; path = Hornbeam.jpg; sourceTree = "<group>"; };
		C999784624A649FB00131C15 /* Unknown.jpg */ = {isa = PBXFileReference; lastKnownFileType = image.jpeg; path = Unknown.jpg; sourceTree = "<group>"; };
		C999784724A649FB00131C15 /* Other.jpg */ = {isa = PBXFileReference; lastKnownFileType = image.jpeg; path = Other.jpg; sourceTree = "<group>"; };
		C999784824A649FB00131C15 /* Poplar.jpg */ = {isa = PBXFileReference; lastKnownFileType = image.jpeg; path = Poplar.jpg; sourceTree = "<group>"; };
		C999784924A649FB00131C15 /* Beech.jpg */ = {isa = PBXFileReference; lastKnownFileType = image.jpeg; path = Beech.jpg; sourceTree = "<group>"; };
		C999784A24A649FB00131C15 /* Lime.jpg */ = {isa = PBXFileReference; lastKnownFileType = image.jpeg; path = Lime.jpg; sourceTree = "<group>"; };
		C999784B24A649FB00131C15 /* Whitebeam.jpg */ = {isa = PBXFileReference; lastKnownFileType = image.jpeg; path = Whitebeam.jpg; sourceTree = "<group>"; };
		C999784C24A649FB00131C15 /* Chesnut.jpg */ = {isa = PBXFileReference; lastKnownFileType = image.jpeg; path = Chesnut.jpg; sourceTree = "<group>"; };
		C999784D24A649FB00131C15 /* Elm.jpg */ = {isa = PBXFileReference; lastKnownFileType = image.jpeg; path = Elm.jpg; sourceTree = "<group>"; };
		C999784E24A649FB00131C15 /* Cherry.jpg */ = {isa = PBXFileReference; lastKnownFileType = image.jpeg; path = Cherry.jpg; sourceTree = "<group>"; };
		C999784F24A649FB00131C15 /* Hawthorn.jpg */ = {isa = PBXFileReference; lastKnownFileType = image.jpeg; path = Hawthorn.jpg; sourceTree = "<group>"; };
		C999785024A649FB00131C15 /* Oak.jpg */ = {isa = PBXFileReference; lastKnownFileType = image.jpeg; path = Oak.jpg; sourceTree = "<group>"; };
		C999785124A649FC00131C15 /* Cypress.jpg */ = {isa = PBXFileReference; lastKnownFileType = image.jpeg; path = Cypress.jpg; sourceTree = "<group>"; };
		C999785224A649FC00131C15 /* Ash.jpg */ = {isa = PBXFileReference; lastKnownFileType = image.jpeg; path = Ash.jpg; sourceTree = "<group>"; };
		C999785324A649FC00131C15 /* Alder.jpg */ = {isa = PBXFileReference; lastKnownFileType = image.jpeg; path = Alder.jpg; sourceTree = "<group>"; };
		C999785424A649FC00131C15 /* Black Locust.jpg */ = {isa = PBXFileReference; lastKnownFileType = image.jpeg; path = "Black Locust.jpg"; sourceTree = "<group>"; };
		C999785524A649FC00131C15 /* Hazelnut.jpg */ = {isa = PBXFileReference; lastKnownFileType = image.jpeg; path = Hazelnut.jpg; sourceTree = "<group>"; };
		C999785624A649FC00131C15 /* Pear.jpg */ = {isa = PBXFileReference; lastKnownFileType = image.jpeg; path = Pear.jpg; sourceTree = "<group>"; };
		C9B6B8F825DEE74200D125FF /* Constants.swift */ = {isa = PBXFileReference; lastKnownFileType = sourcecode.swift; path = Constants.swift; sourceTree = "<group>"; };
		C9B6B8FC25DEE74F00D125FF /* Extensions.swift */ = {isa = PBXFileReference; lastKnownFileType = sourcecode.swift; path = Extensions.swift; sourceTree = "<group>"; };
		C9B6B8FF25DEE75900D125FF /* Strings.swift */ = {isa = PBXFileReference; lastKnownFileType = sourcecode.swift; path = Strings.swift; sourceTree = "<group>"; };
		C9FC53CB24ACF7BA008DA0C0 /* londonTrees_Final.geojson */ = {isa = PBXFileReference; fileEncoding = 4; lastKnownFileType = text; path = londonTrees_Final.geojson; sourceTree = "<group>"; };
/* End PBXFileReference section */

/* Begin PBXFrameworksBuildPhase section */
		C98524922445B8440047BF66 /* Frameworks */ = {
			isa = PBXFrameworksBuildPhase;
			buildActionMask = 2147483647;
			files = (
			);
			runOnlyForDeploymentPostprocessing = 0;
		};
/* End PBXFrameworksBuildPhase section */

/* Begin PBXGroup section */
		C97F95A7245B31DE00932DDE /* Core */ = {
			isa = PBXGroup;
			children = (
				C98524982445B8440047BF66 /* AppDelegate.swift */,
				C985249A2445B8440047BF66 /* SceneDelegate.swift */,
				C9513B142497E5D800786B6B /* Extensions.swift */,
			);
			path = Core;
			sourceTree = "<group>";
		};
		C97F95A8245B31F700932DDE /* Resources */ = {
			isa = PBXGroup;
			children = (
				C999783E24A649CF00131C15 /* treeImages */,
				C98524A12445B8450047BF66 /* Assets.xcassets */,
				C9FC53CB24ACF7BA008DA0C0 /* londonTrees_Final.geojson */,
				C999783824A6466600131C15 /* close_icon2x.png */,
				C999783624A6466600131C15 /* info_icon2x.png */,
				C999783724A6466600131C15 /* location_icon2x.png */,
				C999783C24A6469800131C15 /* londontrees_load_image3x.png */,
			);
			path = Resources;
			sourceTree = "<group>";
		};
		C97F95A9245B323600932DDE /* View */ = {
			isa = PBXGroup;
			children = (
				C97F95A5245B31C900932DDE /* TreeMarkerView.swift */,
				C98FFF082463285800C9B6F7 /* ClusterView.swift */,
				C98524A32445B8450047BF66 /* LaunchScreen.storyboard */,
				C985249C2445B8440047BF66 /* ViewController.swift */,
				C985249E2445B8440047BF66 /* Main.storyboard */,
				C98AA28424913618003AAFF2 /* InfoPanelController.swift */,
				C98AA28524913618003AAFF2 /* InfoPanelController.xib */,
			);
			path = View;
			sourceTree = "<group>";
		};
		C97F95AA245B325800932DDE /* Model */ = {
			isa = PBXGroup;
			children = (
				C98524AE2445CC450047BF66 /* Trees.swift */,
			);
			path = Model;
			sourceTree = "<group>";
		};
		C985248C2445B8440047BF66 = {
			isa = PBXGroup;
			children = (
				C98524972445B8440047BF66 /* treesOfLondon */,
				C98524962445B8440047BF66 /* Products */,
			);
			sourceTree = "<group>";
		};
		C98524962445B8440047BF66 /* Products */ = {
			isa = PBXGroup;
			children = (
				C98524952445B8440047BF66 /* London Trees.app */,
			);
			name = Products;
			sourceTree = "<group>";
		};
		C98524972445B8440047BF66 /* treesOfLondon */ = {
			isa = PBXGroup;
			children = (
				C9B6B8F725DEE72B00D125FF /* Common */,
				C97F95A8245B31F700932DDE /* Resources */,
				C97F95A7245B31DE00932DDE /* Core */,
				C97F95AA245B325800932DDE /* Model */,
				C97F95A9245B323600932DDE /* View */,
				C98524A62445B8450047BF66 /* Info.plist */,
			);
			path = treesOfLondon;
			sourceTree = "<group>";
		};
		C999783E24A649CF00131C15 /* treeImages */ = {
			isa = PBXGroup;
			children = (
				C999785324A649FC00131C15 /* Alder.jpg */,
				C999784424A649FB00131C15 /* Apple.jpg */,
				C999785224A649FC00131C15 /* Ash.jpg */,
				C999784924A649FB00131C15 /* Beech.jpg */,
				C999783F24A649FB00131C15 /* Birch.jpg */,
				C999785424A649FC00131C15 /* Black Locust.jpg */,
				C999784E24A649FB00131C15 /* Cherry.jpg */,
				C999784C24A649FB00131C15 /* Chesnut.jpg */,
				C999785124A649FC00131C15 /* Cypress.jpg */,
				C999784D24A649FB00131C15 /* Elm.jpg */,
				C999784F24A649FB00131C15 /* Hawthorn.jpg */,
				C999785524A649FC00131C15 /* Hazelnut.jpg */,
				C999784524A649FB00131C15 /* Hornbeam.jpg */,
				C999784A24A649FB00131C15 /* Lime.jpg */,
				C999784224A649FB00131C15 /* Maple.jpg */,
				C999785024A649FB00131C15 /* Oak.jpg */,
				C999784724A649FB00131C15 /* Other.jpg */,
				C999785624A649FC00131C15 /* Pear.jpg */,
				C999784024A649FB00131C15 /* Pine.jpg */,
				C999784124A649FB00131C15 /* Plane.jpg */,
				C999784824A649FB00131C15 /* Poplar.jpg */,
				C999784624A649FB00131C15 /* Unknown.jpg */,
				C999784B24A649FB00131C15 /* Whitebeam.jpg */,
				C999784324A649FB00131C15 /* Willow.jpg */,
			);
			path = treeImages;
			sourceTree = "<group>";
		};
		C9B6B8F725DEE72B00D125FF /* Common */ = {
			isa = PBXGroup;
			children = (
				C9B6B8F825DEE74200D125FF /* Constants.swift */,
				C9B6B8FC25DEE74F00D125FF /* Extensions.swift */,
				C9B6B8FF25DEE75900D125FF /* Strings.swift */,
			);
			path = Common;
			sourceTree = "<group>";
		};
/* End PBXGroup section */

/* Begin PBXNativeTarget section */
		C98524942445B8440047BF66 /* London Trees */ = {
			isa = PBXNativeTarget;
			buildConfigurationList = C98524A92445B8450047BF66 /* Build configuration list for PBXNativeTarget "London Trees" */;
			buildPhases = (
				C98524912445B8440047BF66 /* Sources */,
				C98524922445B8440047BF66 /* Frameworks */,
				C98524932445B8440047BF66 /* Resources */,
			);
			buildRules = (
			);
			dependencies = (
			);
			name = "London Trees";
			productName = treesOfLondon;
			productReference = C98524952445B8440047BF66 /* London Trees.app */;
			productType = "com.apple.product-type.application";
		};
/* End PBXNativeTarget section */

/* Begin PBXProject section */
		C985248D2445B8440047BF66 /* Project object */ = {
			isa = PBXProject;
			attributes = {
				LastSwiftUpdateCheck = 1140;
				LastUpgradeCheck = 1140;
				ORGANIZATIONNAME = "Andras Pal";
				TargetAttributes = {
					C98524942445B8440047BF66 = {
						CreatedOnToolsVersion = 11.4;
					};
				};
			};
			buildConfigurationList = C98524902445B8440047BF66 /* Build configuration list for PBXProject "London Trees" */;
			compatibilityVersion = "Xcode 9.3";
			developmentRegion = en;
			hasScannedForEncodings = 0;
			knownRegions = (
				en,
				Base,
			);
			mainGroup = C985248C2445B8440047BF66;
			productRefGroup = C98524962445B8440047BF66 /* Products */;
			projectDirPath = "";
			projectRoot = "";
			targets = (
				C98524942445B8440047BF66 /* London Trees */,
			);
		};
/* End PBXProject section */

/* Begin PBXResourcesBuildPhase section */
		C98524932445B8440047BF66 /* Resources */ = {
			isa = PBXResourcesBuildPhase;
			buildActionMask = 2147483647;
			files = (
				C999783D24A6469800131C15 /* londontrees_load_image3x.png in Resources */,
				C999785D24A649FC00131C15 /* Hornbeam.jpg in Resources */,
				C999786324A649FC00131C15 /* Whitebeam.jpg in Resources */,
				C999786224A649FC00131C15 /* Lime.jpg in Resources */,
				C999785924A649FC00131C15 /* Plane.jpg in Resources */,
				C999783A24A6466700131C15 /* location_icon2x.png in Resources */,
				C999785F24A649FC00131C15 /* Other.jpg in Resources */,
				C98524A52445B8450047BF66 /* LaunchScreen.storyboard in Resources */,
				C999786924A649FC00131C15 /* Cypress.jpg in Resources */,
				C999786124A649FC00131C15 /* Beech.jpg in Resources */,
				C98524A22445B8450047BF66 /* Assets.xcassets in Resources */,
				C999786A24A649FC00131C15 /* Ash.jpg in Resources */,
				C999785B24A649FC00131C15 /* Willow.jpg in Resources */,
				C999786424A649FC00131C15 /* Chesnut.jpg in Resources */,
				C9FC53CC24ACF7BA008DA0C0 /* londonTrees_Final.geojson in Resources */,
				C999786D24A649FC00131C15 /* Hazelnut.jpg in Resources */,
				C999783B24A6466700131C15 /* close_icon2x.png in Resources */,
				C999786624A649FC00131C15 /* Cherry.jpg in Resources */,
				C98AA28724913618003AAFF2 /* InfoPanelController.xib in Resources */,
				C999786524A649FC00131C15 /* Elm.jpg in Resources */,
				C999786B24A649FC00131C15 /* Alder.jpg in Resources */,
				C999786E24A649FC00131C15 /* Pear.jpg in Resources */,
				C999786824A649FC00131C15 /* Oak.jpg in Resources */,
				C999783924A6466700131C15 /* info_icon2x.png in Resources */,
				C999786C24A649FC00131C15 /* Black Locust.jpg in Resources */,
				C999785C24A649FC00131C15 /* Apple.jpg in Resources */,
				C999785724A649FC00131C15 /* Birch.jpg in Resources */,
				C98524A02445B8440047BF66 /* Main.storyboard in Resources */,
				C999785E24A649FC00131C15 /* Unknown.jpg in Resources */,
				C999785824A649FC00131C15 /* Pine.jpg in Resources */,
				C999785A24A649FC00131C15 /* Maple.jpg in Resources */,
				C999786724A649FC00131C15 /* Hawthorn.jpg in Resources */,
				C999786024A649FC00131C15 /* Poplar.jpg in Resources */,
			);
			runOnlyForDeploymentPostprocessing = 0;
		};
/* End PBXResourcesBuildPhase section */

/* Begin PBXSourcesBuildPhase section */
		C98524912445B8440047BF66 /* Sources */ = {
			isa = PBXSourcesBuildPhase;
			buildActionMask = 2147483647;
			files = (
				C985249D2445B8440047BF66 /* ViewController.swift in Sources */,
				C9B6B90025DEE75900D125FF /* Strings.swift in Sources */,
				C98524AF2445CC450047BF66 /* Trees.swift in Sources */,
				C97F95A6245B31C900932DDE /* TreeMarkerView.swift in Sources */,
				C9513B152497E5D800786B6B /* Extensions.swift in Sources */,
				C98FFF092463285800C9B6F7 /* ClusterView.swift in Sources */,
				C9B6B8FD25DEE74F00D125FF /* Extensions.swift in Sources */,
				C98524992445B8440047BF66 /* AppDelegate.swift in Sources */,
				C98AA28624913618003AAFF2 /* InfoPanelController.swift in Sources */,
				C985249B2445B8440047BF66 /* SceneDelegate.swift in Sources */,
				C9B6B8F925DEE74200D125FF /* Constants.swift in Sources */,
			);
			runOnlyForDeploymentPostprocessing = 0;
		};
/* End PBXSourcesBuildPhase section */

/* Begin PBXVariantGroup section */
		C985249E2445B8440047BF66 /* Main.storyboard */ = {
			isa = PBXVariantGroup;
			children = (
				C985249F2445B8440047BF66 /* Base */,
			);
			name = Main.storyboard;
			sourceTree = "<group>";
		};
		C98524A32445B8450047BF66 /* LaunchScreen.storyboard */ = {
			isa = PBXVariantGroup;
			children = (
				C98524A42445B8450047BF66 /* Base */,
			);
			name = LaunchScreen.storyboard;
			sourceTree = "<group>";
		};
/* End PBXVariantGroup section */

/* Begin XCBuildConfiguration section */
		C98524A72445B8450047BF66 /* Debug */ = {
			isa = XCBuildConfiguration;
			buildSettings = {
				ALWAYS_SEARCH_USER_PATHS = NO;
				CLANG_ANALYZER_NONNULL = YES;
				CLANG_ANALYZER_NUMBER_OBJECT_CONVERSION = YES_AGGRESSIVE;
				CLANG_CXX_LANGUAGE_STANDARD = "gnu++14";
				CLANG_CXX_LIBRARY = "libc++";
				CLANG_ENABLE_MODULES = YES;
				CLANG_ENABLE_OBJC_ARC = YES;
				CLANG_ENABLE_OBJC_WEAK = YES;
				CLANG_WARN_BLOCK_CAPTURE_AUTORELEASING = YES;
				CLANG_WARN_BOOL_CONVERSION = YES;
				CLANG_WARN_COMMA = YES;
				CLANG_WARN_CONSTANT_CONVERSION = YES;
				CLANG_WARN_DEPRECATED_OBJC_IMPLEMENTATIONS = YES;
				CLANG_WARN_DIRECT_OBJC_ISA_USAGE = YES_ERROR;
				CLANG_WARN_DOCUMENTATION_COMMENTS = YES;
				CLANG_WARN_EMPTY_BODY = YES;
				CLANG_WARN_ENUM_CONVERSION = YES;
				CLANG_WARN_INFINITE_RECURSION = YES;
				CLANG_WARN_INT_CONVERSION = YES;
				CLANG_WARN_NON_LITERAL_NULL_CONVERSION = YES;
				CLANG_WARN_OBJC_IMPLICIT_RETAIN_SELF = YES;
				CLANG_WARN_OBJC_LITERAL_CONVERSION = YES;
				CLANG_WARN_OBJC_ROOT_CLASS = YES_ERROR;
				CLANG_WARN_RANGE_LOOP_ANALYSIS = YES;
				CLANG_WARN_STRICT_PROTOTYPES = YES;
				CLANG_WARN_SUSPICIOUS_MOVE = YES;
				CLANG_WARN_UNGUARDED_AVAILABILITY = YES_AGGRESSIVE;
				CLANG_WARN_UNREACHABLE_CODE = YES;
				CLANG_WARN__DUPLICATE_METHOD_MATCH = YES;
				COPY_PHASE_STRIP = NO;
				DEBUG_INFORMATION_FORMAT = dwarf;
				ENABLE_STRICT_OBJC_MSGSEND = YES;
				ENABLE_TESTABILITY = YES;
				GCC_C_LANGUAGE_STANDARD = gnu11;
				GCC_DYNAMIC_NO_PIC = NO;
				GCC_NO_COMMON_BLOCKS = YES;
				GCC_OPTIMIZATION_LEVEL = 0;
				GCC_PREPROCESSOR_DEFINITIONS = (
					"DEBUG=1",
					"$(inherited)",
				);
				GCC_WARN_64_TO_32_BIT_CONVERSION = YES;
				GCC_WARN_ABOUT_RETURN_TYPE = YES_ERROR;
				GCC_WARN_UNDECLARED_SELECTOR = YES;
				GCC_WARN_UNINITIALIZED_AUTOS = YES_AGGRESSIVE;
				GCC_WARN_UNUSED_FUNCTION = YES;
				GCC_WARN_UNUSED_VARIABLE = YES;
				IPHONEOS_DEPLOYMENT_TARGET = 13.4;
				MTL_ENABLE_DEBUG_INFO = INCLUDE_SOURCE;
				MTL_FAST_MATH = YES;
				ONLY_ACTIVE_ARCH = YES;
				SDKROOT = iphoneos;
				SWIFT_ACTIVE_COMPILATION_CONDITIONS = DEBUG;
				SWIFT_OPTIMIZATION_LEVEL = "-Onone";
			};
			name = Debug;
		};
		C98524A82445B8450047BF66 /* Release */ = {
			isa = XCBuildConfiguration;
			buildSettings = {
				ALWAYS_SEARCH_USER_PATHS = NO;
				CLANG_ANALYZER_NONNULL = YES;
				CLANG_ANALYZER_NUMBER_OBJECT_CONVERSION = YES_AGGRESSIVE;
				CLANG_CXX_LANGUAGE_STANDARD = "gnu++14";
				CLANG_CXX_LIBRARY = "libc++";
				CLANG_ENABLE_MODULES = YES;
				CLANG_ENABLE_OBJC_ARC = YES;
				CLANG_ENABLE_OBJC_WEAK = YES;
				CLANG_WARN_BLOCK_CAPTURE_AUTORELEASING = YES;
				CLANG_WARN_BOOL_CONVERSION = YES;
				CLANG_WARN_COMMA = YES;
				CLANG_WARN_CONSTANT_CONVERSION = YES;
				CLANG_WARN_DEPRECATED_OBJC_IMPLEMENTATIONS = YES;
				CLANG_WARN_DIRECT_OBJC_ISA_USAGE = YES_ERROR;
				CLANG_WARN_DOCUMENTATION_COMMENTS = YES;
				CLANG_WARN_EMPTY_BODY = YES;
				CLANG_WARN_ENUM_CONVERSION = YES;
				CLANG_WARN_INFINITE_RECURSION = YES;
				CLANG_WARN_INT_CONVERSION = YES;
				CLANG_WARN_NON_LITERAL_NULL_CONVERSION = YES;
				CLANG_WARN_OBJC_IMPLICIT_RETAIN_SELF = YES;
				CLANG_WARN_OBJC_LITERAL_CONVERSION = YES;
				CLANG_WARN_OBJC_ROOT_CLASS = YES_ERROR;
				CLANG_WARN_RANGE_LOOP_ANALYSIS = YES;
				CLANG_WARN_STRICT_PROTOTYPES = YES;
				CLANG_WARN_SUSPICIOUS_MOVE = YES;
				CLANG_WARN_UNGUARDED_AVAILABILITY = YES_AGGRESSIVE;
				CLANG_WARN_UNREACHABLE_CODE = YES;
				CLANG_WARN__DUPLICATE_METHOD_MATCH = YES;
				COPY_PHASE_STRIP = NO;
				DEBUG_INFORMATION_FORMAT = "dwarf-with-dsym";
				ENABLE_NS_ASSERTIONS = NO;
				ENABLE_STRICT_OBJC_MSGSEND = YES;
				GCC_C_LANGUAGE_STANDARD = gnu11;
				GCC_NO_COMMON_BLOCKS = YES;
				GCC_WARN_64_TO_32_BIT_CONVERSION = YES;
				GCC_WARN_ABOUT_RETURN_TYPE = YES_ERROR;
				GCC_WARN_UNDECLARED_SELECTOR = YES;
				GCC_WARN_UNINITIALIZED_AUTOS = YES_AGGRESSIVE;
				GCC_WARN_UNUSED_FUNCTION = YES;
				GCC_WARN_UNUSED_VARIABLE = YES;
				IPHONEOS_DEPLOYMENT_TARGET = 13.4;
				MTL_ENABLE_DEBUG_INFO = NO;
				MTL_FAST_MATH = YES;
				SDKROOT = iphoneos;
				SWIFT_COMPILATION_MODE = wholemodule;
				SWIFT_OPTIMIZATION_LEVEL = "-O";
				VALIDATE_PRODUCT = YES;
			};
			name = Release;
		};
		C98524AA2445B8450047BF66 /* Debug */ = {
			isa = XCBuildConfiguration;
			buildSettings = {
				ASSETCATALOG_COMPILER_APPICON_NAME = AppIcon;
				CODE_SIGN_STYLE = Automatic;
				DEVELOPMENT_TEAM = 7U8H9SK8NB;
				INFOPLIST_FILE = treesOfLondon/Info.plist;
				IPHONEOS_DEPLOYMENT_TARGET = 13.0;
				LD_RUNPATH_SEARCH_PATHS = (
					"$(inherited)",
					"@executable_path/Frameworks",
				);
				PRODUCT_BUNDLE_IDENTIFIER = com.randomName.treesOfLondon;
				PRODUCT_NAME = "$(TARGET_NAME)";
				SWIFT_VERSION = 5.0;
				TARGETED_DEVICE_FAMILY = 1;
			};
			name = Debug;
		};
		C98524AB2445B8450047BF66 /* Release */ = {
			isa = XCBuildConfiguration;
			buildSettings = {
				ASSETCATALOG_COMPILER_APPICON_NAME = AppIcon;
				CODE_SIGN_STYLE = Automatic;
				DEVELOPMENT_TEAM = 7U8H9SK8NB;
				INFOPLIST_FILE = treesOfLondon/Info.plist;
				IPHONEOS_DEPLOYMENT_TARGET = 13.0;
				LD_RUNPATH_SEARCH_PATHS = (
					"$(inherited)",
					"@executable_path/Frameworks",
				);
				PRODUCT_BUNDLE_IDENTIFIER = com.randomName.treesOfLondon;
				PRODUCT_NAME = "$(TARGET_NAME)";
				SWIFT_VERSION = 5.0;
				TARGETED_DEVICE_FAMILY = 1;
			};
			name = Release;
		};
/* End XCBuildConfiguration section */

/* Begin XCConfigurationList section */
		C98524902445B8440047BF66 /* Build configuration list for PBXProject "London Trees" */ = {
			isa = XCConfigurationList;
			buildConfigurations = (
				C98524A72445B8450047BF66 /* Debug */,
				C98524A82445B8450047BF66 /* Release */,
			);
			defaultConfigurationIsVisible = 0;
			defaultConfigurationName = Release;
		};
		C98524A92445B8450047BF66 /* Build configuration list for PBXNativeTarget "London Trees" */ = {
			isa = XCConfigurationList;
			buildConfigurations = (
				C98524AA2445B8450047BF66 /* Debug */,
				C98524AB2445B8450047BF66 /* Release */,
			);
			defaultConfigurationIsVisible = 0;
			defaultConfigurationName = Release;
		};
/* End XCConfigurationList section */
	};
	rootObject = C985248D2445B8440047BF66 /* Project object */;
}
